<?xml version="1.0" encoding="utf-8"?>
<Project ToolsVersion="4.0" xmlns="http://schemas.microsoft.com/developer/msbuild/2003">
  <ItemGroup>
    <Filter Include="Scenes">
      <UniqueIdentifier>{38d14b22-202f-47e8-a713-1a07e90aeae9}</UniqueIdentifier>
    </Filter>
    <Filter Include="Contents">
      <UniqueIdentifier>{ff9fb87c-ea5a-4af9-b8d7-5db8785d0ca6}</UniqueIdentifier>
    </Filter>
    <Filter Include="Scripts">
      <UniqueIdentifier>{52178267-d73f-464d-ace0-3e2672dd7aa3}</UniqueIdentifier>
    </Filter>
  </ItemGroup>
  <ItemGroup>
    <ClInclude Include="MinLodeScene.h">
      <Filter>Scenes</Filter>
    </ClInclude>
    <ClInclude Include="MinPlayScene.h">
      <Filter>Scenes</Filter>
    </ClInclude>
    <ClInclude Include="MinPlayer.h" />
    <ClInclude Include="MinTitleScene.h">
      <Filter>Scenes</Filter>
    </ClInclude>
    <ClInclude Include="MinLoadResources.h" />
    <ClInclude Include="MinPlayerScript.h">
      <Filter>Scripts</Filter>
    </ClInclude>
  </ItemGroup>
  <ItemGroup>
    <ClCompile Include="MinPlayScene.cpp">
      <Filter>Scenes</Filter>
    </ClCompile>
    <ClCompile Include="MinPlayer.cpp" />
    <ClCompile Include="MinTitleScene.cpp">
      <Filter>Scenes</Filter>
    </ClCompile>
    <ClCompile Include="MinPlayerScript.cpp">
      <Filter>Scripts</Filter>
    </ClCompile>
  </ItemGroup>
</Project>