<?xml version="1.0" encoding="utf-8"?>
<Project ToolsVersion="4.0" xmlns="http://schemas.microsoft.com/developer/msbuild/2003">
  <ItemGroup>
    <ClCompile Include="$(MSBuildThisFileDirectory)MinSceneManager.cpp">
      <Filter>Scene</Filter>
    </ClCompile>
    <ClCompile Include="$(MSBuildThisFileDirectory)MinScene.cpp">
      <Filter>Scene</Filter>
    </ClCompile>
    <ClCompile Include="$(MSBuildThisFileDirectory)minGameObject.cpp">
      <Filter>GameObject</Filter>
    </ClCompile>
    <ClCompile Include="$(MSBuildThisFileDirectory)MinComponent.cpp">
      <Filter>Component</Filter>
    </ClCompile>
    <ClCompile Include="$(MSBuildThisFileDirectory)Mininput.cpp">
      <Filter>Helpers</Filter>
    </ClCompile>
    <ClCompile Include="$(MSBuildThisFileDirectory)MinTime.cpp">
      <Filter>Helpers</Filter>
    </ClCompile>
    <ClCompile Include="$(MSBuildThisFileDirectory)MinApplication.cpp">
      <Filter>High Level interface</Filter>
    </ClCompile>
    <ClCompile Include="$(MSBuildThisFileDirectory)MinEntity.cpp">
      <Filter>Common</Filter>
    </ClCompile>
    <ClCompile Include="$(MSBuildThisFileDirectory)MinLayer.cpp">
      <Filter>Layer</Filter>
    </ClCompile>
    <ClCompile Include="$(MSBuildThisFileDirectory)MinResource.cpp">
      <Filter>Resource</Filter>
    </ClCompile>
    <ClCompile Include="$(MSBuildThisFileDirectory)MinResources.cpp">
      <Filter>Resource</Filter>
    </ClCompile>
    <ClCompile Include="$(MSBuildThisFileDirectory)MinTexture.cpp">
      <Filter>Resource\Texture</Filter>
    </ClCompile>
    <ClCompile Include="$(MSBuildThisFileDirectory)MinTransform.cpp">
      <Filter>Component\Transform</Filter>
    </ClCompile>
    <ClCompile Include="$(MSBuildThisFileDirectory)MinSpriteRenderer.cpp">
      <Filter>Component\SpriteRenderer</Filter>
    </ClCompile>
    <ClCompile Include="$(MSBuildThisFileDirectory)MinScript.cpp">
      <Filter>Component\Script</Filter>
    </ClCompile>
    <ClCompile Include="$(MSBuildThisFileDirectory)MinCamera.cpp">
      <Filter>Component\Camera</Filter>
    </ClCompile>
    <ClCompile Include="$(MSBuildThisFileDirectory)MinRenderer.cpp">
      <Filter>Renderer</Filter>
    </ClCompile>
    <ClCompile Include="$(MSBuildThisFileDirectory)MinAnimation.cpp">
      <Filter>Resource\Animation</Filter>
    </ClCompile>
    <ClCompile Include="$(MSBuildThisFileDirectory)MinAnimator.cpp">
      <Filter>Component\Animator</Filter>
    </ClCompile>
    <ClCompile Include="$(MSBuildThisFileDirectory)MinCollider.cpp">
      <Filter>Component\Collider</Filter>
    </ClCompile>
    <ClCompile Include="$(MSBuildThisFileDirectory)MinBoxCollider2D.cpp">
      <Filter>Component\Collider</Filter>
    </ClCompile>
    <ClCompile Include="$(MSBuildThisFileDirectory)MinCircleCollider2D.cpp">
      <Filter>Component\Collider</Filter>
    </ClCompile>
    <ClCompile Include="$(MSBuildThisFileDirectory)MinCollisionManager.cpp">
      <Filter>Component\Collider</Filter>
    </ClCompile>
    <ClCompile Include="$(MSBuildThisFileDirectory)MinDontDestroyOnLoad.cpp">
      <Filter>Scene</Filter>
    </ClCompile>
    <ClCompile Include="$(MSBuildThisFileDirectory)MinTilemapRender.cpp">
      <Filter>Component\TileRender</Filter>
    </ClCompile>
    <ClCompile Include="$(MSBuildThisFileDirectory)MinRigidbody.cpp">
      <Filter>Component\Rigidbody</Filter>
    </ClCompile>
    <ClCompile Include="$(MSBuildThisFileDirectory)MinUIManager.cpp">
      <Filter>UI</Filter>
    </ClCompile>
    <ClCompile Include="$(MSBuildThisFileDirectory)MinUIBase.cpp">
      <Filter>UI</Filter>
    </ClCompile>
    <ClCompile Include="$(MSBuildThisFileDirectory)MinUIHUd.cpp">
      <Filter>UI\HUD</Filter>
    </ClCompile>
    <ClCompile Include="$(MSBuildThisFileDirectory)MinUIButton.cpp">
      <Filter>UI\UIButton</Filter>
    </ClCompile>
    <ClCompile Include="$(MSBuildThisFileDirectory)MinFmod.cpp">
      <Filter>Fmod</Filter>
    </ClCompile>
    <ClCompile Include="$(MSBuildThisFileDirectory)MinAudioListener.cpp">
      <Filter>Component\Audio</Filter>
    </ClCompile>
    <ClCompile Include="$(MSBuildThisFileDirectory)MinAudioSource.cpp">
      <Filter>Component\Audio</Filter>
    </ClCompile>
    <ClCompile Include="$(MSBuildThisFileDirectory)MinAudioClip.cpp">
      <Filter>Resource\AudioClip</Filter>
    </ClCompile>
    <ClCompile Include="$(MSBuildThisFileDirectory)MinMath.cpp">
      <Filter>Common</Filter>
    </ClCompile>
    <ClCompile Include="$(MSBuildThisFileDirectory)MinGraphicDevice_DX11.cpp">
      <Filter>GraphicDevice</Filter>
    </ClCompile>
    <ClCompile Include="$(MSBuildThisFileDirectory)MinShader.cpp">
      <Filter>Resource\Graphics\Shader</Filter>
    </ClCompile>
    <ClCompile Include="$(MSBuildThisFileDirectory)MinMaterial.cpp">
      <Filter>Resource\Material</Filter>
    </ClCompile>
    <ClCompile Include="$(MSBuildThisFileDirectory)MinMesh.cpp">
      <Filter>Resource\Mesh</Filter>
    </ClCompile>
    <ClCompile Include="$(MSBuildThisFileDirectory)MinVertexBuffer.cpp">
      <Filter>GraphicDevice\Buffer</Filter>
    </ClCompile>
    <ClCompile Include="$(MSBuildThisFileDirectory)MinConstantBuffer.cpp">
      <Filter>GraphicDevice\Buffer</Filter>
    </ClCompile>
    <ClCompile Include="$(MSBuildThisFileDirectory)MinIndexBuffer.cpp">
      <Filter>GraphicDevice\Buffer</Filter>
    </ClCompile>
  </ItemGroup>
  <ItemGroup>
    <ClInclude Include="$(MSBuildThisFileDirectory)commoninclude.h">
      <Filter>Common</Filter>
    </ClInclude>
    <ClInclude Include="$(MSBuildThisFileDirectory)MinSceneManager.h">
      <Filter>Scene</Filter>
    </ClInclude>
    <ClInclude Include="$(MSBuildThisFileDirectory)MinScene.h">
      <Filter>Scene</Filter>
    </ClInclude>
    <ClInclude Include="$(MSBuildThisFileDirectory)minGameObject.h">
      <Filter>GameObject</Filter>
    </ClInclude>
    <ClInclude Include="$(MSBuildThisFileDirectory)MinComponent.h">
      <Filter>Component</Filter>
    </ClInclude>
    <ClInclude Include="$(MSBuildThisFileDirectory)Mininput.h">
      <Filter>Helpers</Filter>
    </ClInclude>
    <ClInclude Include="$(MSBuildThisFileDirectory)MinTime.h">
      <Filter>Helpers</Filter>
    </ClInclude>
    <ClInclude Include="$(MSBuildThisFileDirectory)MinApplication.h">
      <Filter>High Level interface</Filter>
    </ClInclude>
    <ClInclude Include="$(MSBuildThisFileDirectory)MinEntity.h">
      <Filter>Common</Filter>
    </ClInclude>
    <ClInclude Include="$(MSBuildThisFileDirectory)MinLayer.h">
      <Filter>Layer</Filter>
    </ClInclude>
    <ClInclude Include="$(MSBuildThisFileDirectory)MinEnums.h">
      <Filter>Common</Filter>
    </ClInclude>
    <ClInclude Include="$(MSBuildThisFileDirectory)MinObject.h">
      <Filter>Common</Filter>
    </ClInclude>
    <ClInclude Include="$(MSBuildThisFileDirectory)MinResource.h">
      <Filter>Resource</Filter>
    </ClInclude>
    <ClInclude Include="$(MSBuildThisFileDirectory)MinResources.h">
      <Filter>Resource</Filter>
    </ClInclude>
    <ClInclude Include="$(MSBuildThisFileDirectory)MinTexture.h">
      <Filter>Resource\Texture</Filter>
    </ClInclude>
    <ClInclude Include="$(MSBuildThisFileDirectory)MinTransform.h">
      <Filter>Component\Transform</Filter>
    </ClInclude>
    <ClInclude Include="$(MSBuildThisFileDirectory)MinSpriteRenderer.h">
      <Filter>Component\SpriteRenderer</Filter>
    </ClInclude>
    <ClInclude Include="$(MSBuildThisFileDirectory)MinScript.h">
      <Filter>Component\Script</Filter>
    </ClInclude>
    <ClInclude Include="$(MSBuildThisFileDirectory)MinCamera.h">
      <Filter>Component\Camera</Filter>
    </ClInclude>
    <ClInclude Include="$(MSBuildThisFileDirectory)MinRenderer.h">
      <Filter>Renderer</Filter>
    </ClInclude>
    <ClInclude Include="$(MSBuildThisFileDirectory)MinAnimation.h">
      <Filter>Resource\Animation</Filter>
    </ClInclude>
    <ClInclude Include="$(MSBuildThisFileDirectory)MinAnimator.h">
      <Filter>Component\Animator</Filter>
    </ClInclude>
    <ClInclude Include="$(MSBuildThisFileDirectory)MinCollider.h">
      <Filter>Component\Collider</Filter>
    </ClInclude>
    <ClInclude Include="$(MSBuildThisFileDirectory)MinBoxCollider2D.h">
      <Filter>Component\Collider</Filter>
    </ClInclude>
    <ClInclude Include="$(MSBuildThisFileDirectory)MinCircleCollider2D.h">
      <Filter>Component\Collider</Filter>
    </ClInclude>
    <ClInclude Include="$(MSBuildThisFileDirectory)MinCollisionManager.h">
      <Filter>Component\Collider</Filter>
    </ClInclude>
    <ClInclude Include="$(MSBuildThisFileDirectory)MinDontDestroyOnLoad.h">
      <Filter>Scene</Filter>
    </ClInclude>
    <ClInclude Include="$(MSBuildThisFileDirectory)MinTilemapRender.h">
      <Filter>Component\TileRender</Filter>
    </ClInclude>
    <ClInclude Include="$(MSBuildThisFileDirectory)MinRigidbody.h">
      <Filter>Component\Rigidbody</Filter>
    </ClInclude>
    <ClInclude Include="$(MSBuildThisFileDirectory)MinUIManager.h">
      <Filter>UI</Filter>
    </ClInclude>
    <ClInclude Include="$(MSBuildThisFileDirectory)MinUIBase.h">
      <Filter>UI</Filter>
    </ClInclude>
    <ClInclude Include="$(MSBuildThisFileDirectory)MinUIHUd.h">
      <Filter>UI\HUD</Filter>
    </ClInclude>
    <ClInclude Include="$(MSBuildThisFileDirectory)MinUIButton.h">
      <Filter>UI\UIButton</Filter>
    </ClInclude>
    <ClInclude Include="$(MSBuildThisFileDirectory)MinFmod.h">
      <Filter>Fmod</Filter>
    </ClInclude>
    <ClInclude Include="$(MSBuildThisFileDirectory)MinAudioListener.h">
      <Filter>Component\Audio</Filter>
    </ClInclude>
    <ClInclude Include="$(MSBuildThisFileDirectory)MiNAudioSource.h">
      <Filter>Component\Audio</Filter>
    </ClInclude>
    <ClInclude Include="$(MSBuildThisFileDirectory)MinAudioClip.h">
      <Filter>Resource\AudioClip</Filter>
    </ClInclude>
    <ClInclude Include="$(MSBuildThisFileDirectory)MinMath.h">
      <Filter>Common</Filter>
    </ClInclude>
    <ClInclude Include="$(MSBuildThisFileDirectory)MinGraphicDevice_DX11.h">
      <Filter>GraphicDevice</Filter>
    </ClInclude>
    <ClInclude Include="$(MSBuildThisFileDirectory)MinGraphics.h">
      <Filter>GraphicDevice</Filter>
    </ClInclude>
    <ClInclude Include="$(MSBuildThisFileDirectory)MinShader.h">
      <Filter>Resource\Graphics\Shader</Filter>
    </ClInclude>
    <ClInclude Include="$(MSBuildThisFileDirectory)MinMaterial.h">
      <Filter>Resource\Material</Filter>
    </ClInclude>
    <ClInclude Include="$(MSBuildThisFileDirectory)MinMesh.h">
      <Filter>Resource\Mesh</Filter>
    </ClInclude>
    <ClInclude Include="$(MSBuildThisFileDirectory)MinVertexBuffer.h">
      <Filter>GraphicDevice\Buffer</Filter>
    </ClInclude>
    <ClInclude Include="$(MSBuildThisFileDirectory)MinConstantBuffer.h">
      <Filter>GraphicDevice\Buffer</Filter>
    </ClInclude>
    <ClInclude Include="$(MSBuildThisFileDirectory)MinIndexBuffer.h">
      <Filter>GraphicDevice\Buffer</Filter>
    </ClInclude>
  </ItemGroup>
  <ItemGroup>
    <Filter Include="Common">
      <UniqueIdentifier>{05e43f24-5ac4-4228-9d21-2fe55d70709d}</UniqueIdentifier>
    </Filter>
    <Filter Include="Component">
      <UniqueIdentifier>{ae2b1cd7-aac0-4435-8a8f-f07e86fea3c7}</UniqueIdentifier>
    </Filter>
    <Filter Include="GameObject">
      <UniqueIdentifier>{8a3c3c1e-e906-427f-9d08-f186a28e265e}</UniqueIdentifier>
    </Filter>
    <Filter Include="Scene">
      <UniqueIdentifier>{9eb0c044-0c5a-43e9-8542-9606a1b84ae4}</UniqueIdentifier>
    </Filter>
    <Filter Include="High Level interface">
      <UniqueIdentifier>{c9987cb7-3783-4b0d-802b-75e528ab0209}</UniqueIdentifier>
    </Filter>
    <Filter Include="Helpers">
      <UniqueIdentifier>{49882a4f-d82a-4b46-bd2b-830f0f4a9537}</UniqueIdentifier>
    </Filter>
    <Filter Include="Layer">
      <UniqueIdentifier>{d517d8eb-8cd8-43c9-b598-6b0121c4e9f8}</UniqueIdentifier>
    </Filter>
    <Filter Include="Resource">
      <UniqueIdentifier>{75af2ed0-86c7-417a-95b2-f07cbab13bb6}</UniqueIdentifier>
    </Filter>
    <Filter Include="Resource\Texture">
      <UniqueIdentifier>{a1d66860-5c3e-45c0-a95b-1bf12bff232e}</UniqueIdentifier>
    </Filter>
    <Filter Include="Resource\AudioClip">
      <UniqueIdentifier>{38120d34-e85f-4e2e-839f-f971151d7f2e}</UniqueIdentifier>
    </Filter>
    <Filter Include="Component\Script">
      <UniqueIdentifier>{07094336-8a9d-4552-86a9-1ed8235f3297}</UniqueIdentifier>
    </Filter>
    <Filter Include="Component\SpriteRenderer">
      <UniqueIdentifier>{260ffe45-9f01-4d05-974c-64b045e4b77a}</UniqueIdentifier>
    </Filter>
    <Filter Include="Component\Transform">
      <UniqueIdentifier>{edfa39c5-ba6c-40a4-9c95-2189d8719276}</UniqueIdentifier>
    </Filter>
    <Filter Include="Component\Camera">
      <UniqueIdentifier>{7b2811f8-2abd-469d-a73d-e4ae99f1bff6}</UniqueIdentifier>
    </Filter>
    <Filter Include="Renderer">
      <UniqueIdentifier>{375cb4bb-5f8c-4c4f-bb93-fed101908a8c}</UniqueIdentifier>
    </Filter>
    <Filter Include="Resource\Animation">
      <UniqueIdentifier>{5577a558-d787-4a15-8d31-04aa1240e9f2}</UniqueIdentifier>
    </Filter>
    <Filter Include="Component\Animator">
      <UniqueIdentifier>{07be6ab4-7982-47c3-9cf6-5ed6715ee496}</UniqueIdentifier>
    </Filter>
    <Filter Include="Component\Collider">
      <UniqueIdentifier>{628e3170-7042-4d08-88ad-d1c2ac9d40de}</UniqueIdentifier>
    </Filter>
    <Filter Include="Component\TileRender">
      <UniqueIdentifier>{22003385-18f5-4132-a319-12b816ff2633}</UniqueIdentifier>
    </Filter>
    <Filter Include="Component\Rigidbody">
      <UniqueIdentifier>{2bfe1183-e4b5-47f8-b15b-1cda44e8cac2}</UniqueIdentifier>
    </Filter>
    <Filter Include="UI">
      <UniqueIdentifier>{2c1fad8a-70e2-4f63-8193-ec082f14b473}</UniqueIdentifier>
    </Filter>
    <Filter Include="UI\HUD">
      <UniqueIdentifier>{1e1fbf6c-d854-4852-ba12-6d2bd0fb1381}</UniqueIdentifier>
    </Filter>
    <Filter Include="UI\UIButton">
      <UniqueIdentifier>{cb7ef101-d942-4b7d-9984-4f979f066a4b}</UniqueIdentifier>
    </Filter>
    <Filter Include="Fmod">
      <UniqueIdentifier>{1cf411a3-8c95-4c30-8cf0-f8e21ce92c37}</UniqueIdentifier>
    </Filter>
    <Filter Include="Component\Audio">
      <UniqueIdentifier>{601bf588-f3d9-43cd-b8ba-72675d4d06e4}</UniqueIdentifier>
    </Filter>
    <Filter Include="GraphicDevice">
      <UniqueIdentifier>{cc6add0a-bb82-4de7-b42a-32eeef0b9480}</UniqueIdentifier>
    </Filter>
    <Filter Include="Resource\Graphics">
      <UniqueIdentifier>{322d182e-495b-4ad1-ba42-d3285450120e}</UniqueIdentifier>
    </Filter>
    <Filter Include="Resource\Graphics\Shader">
      <UniqueIdentifier>{e0bf9aa8-1f48-4870-9637-c17df01a2d99}</UniqueIdentifier>
    </Filter>
    <Filter Include="Resource\Material">
      <UniqueIdentifier>{66f637b8-90db-4e83-ae4f-d3fbf7051484}</UniqueIdentifier>
    </Filter>
    <Filter Include="Resource\Mesh">
      <UniqueIdentifier>{44cbd71a-0dbb-4255-abf0-d04671dbf45c}</UniqueIdentifier>
    </Filter>
    <Filter Include="GraphicDevice\Buffer">
      <UniqueIdentifier>{7cdb747f-e12d-4956-964d-a258847104e4}</UniqueIdentifier>
    </Filter>
  </ItemGroup>
</Project>